
Microsoft Visual Studio Solution File, Format Version 12.00
# Visual Studio 15
VisualStudioVersion = 15.0.27703.2035
MinimumVisualStudioVersion = 10.0.40219.1
Project("{FAE04EC0-301F-11D3-BF4B-00C04F79EFBC}") = "ConverterLibrary", "ConverterLibrary\ConverterLibrary.csproj", "{B415781E-75EF-4C01-B79A-433481300DAF}"
EndProject
Project("{FAE04EC0-301F-11D3-BF4B-00C04F79EFBC}") = "TransformToWords.Nu.Tests", "TransformToWords.Nu.Tests\TransformToWords.Nu.Tests.csproj", "{B5FAE9EC-629E-49FB-BF84-C1DB46563055}"
EndProject
Global
	GlobalSection(SolutionConfigurationPlatforms) = preSolution
		Debug|Any CPU = Debug|Any CPU
		Release|Any CPU = Release|Any CPU
	EndGlobalSection
	GlobalSection(ProjectConfigurationPlatforms) = postSolution
		{B415781E-75EF-4C01-B79A-433481300DAF}.Debug|Any CPU.ActiveCfg = Debug|Any CPU
		{B415781E-75EF-4C01-B79A-433481300DAF}.Debug|Any CPU.Build.0 = Debug|Any CPU
		{B415781E-75EF-4C01-B79A-433481300DAF}.Release|Any CPU.ActiveCfg = Release|Any CPU
		{B415781E-75EF-4C01-B79A-433481300DAF}.Release|Any CPU.Build.0 = Release|Any CPU
		{B5FAE9EC-629E-49FB-BF84-C1DB46563055}.Debug|Any CPU.ActiveCfg = Debug|Any CPU
		{B5FAE9EC-629E-49FB-BF84-C1DB46563055}.Debug|Any CPU.Build.0 = Debug|Any CPU
		{B5FAE9EC-629E-49FB-BF84-C1DB46563055}.Release|Any CPU.ActiveCfg = Release|Any CPU
		{B5FAE9EC-629E-49FB-BF84-C1DB46563055}.Release|Any CPU.Build.0 = Release|Any CPU
	EndGlobalSection
	GlobalSection(SolutionProperties) = preSolution
		HideSolutionNode = FALSE
	EndGlobalSection
	GlobalSection(ExtensibilityGlobals) = postSolution
		SolutionGuid = {48C66860-422D-4267-978C-AFE6D45E68BE}
	EndGlobalSection
EndGlobal
