
Microsoft Visual Studio Solution File, Format Version 12.00
# Visual Studio 15
VisualStudioVersion = 15.0.27703.2035
MinimumVisualStudioVersion = 10.0.40219.1
Project("{FAE04EC0-301F-11D3-BF4B-00C04F79EFBC}") = "JaggedArrayLibrary", "JaggedArrayLibrary\JaggedArrayLibrary.csproj", "{122079C8-3989-49EF-8243-5E33897B38A2}"
EndProject
Project("{FAE04EC0-301F-11D3-BF4B-00C04F79EFBC}") = "JaggedArray.Nu.Tests", "JaggedArray.Nu.Tests\JaggedArray.Nu.Tests.csproj", "{C1267EBB-DAF1-4F3E-B457-F4278F687821}"
EndProject
Global
	GlobalSection(SolutionConfigurationPlatforms) = preSolution
		Debug|Any CPU = Debug|Any CPU
		Release|Any CPU = Release|Any CPU
	EndGlobalSection
	GlobalSection(ProjectConfigurationPlatforms) = postSolution
		{122079C8-3989-49EF-8243-5E33897B38A2}.Debug|Any CPU.ActiveCfg = Debug|Any CPU
		{122079C8-3989-49EF-8243-5E33897B38A2}.Debug|Any CPU.Build.0 = Debug|Any CPU
		{122079C8-3989-49EF-8243-5E33897B38A2}.Release|Any CPU.ActiveCfg = Release|Any CPU
		{122079C8-3989-49EF-8243-5E33897B38A2}.Release|Any CPU.Build.0 = Release|Any CPU
		{C1267EBB-DAF1-4F3E-B457-F4278F687821}.Debug|Any CPU.ActiveCfg = Debug|Any CPU
		{C1267EBB-DAF1-4F3E-B457-F4278F687821}.Debug|Any CPU.Build.0 = Debug|Any CPU
		{C1267EBB-DAF1-4F3E-B457-F4278F687821}.Release|Any CPU.ActiveCfg = Release|Any CPU
		{C1267EBB-DAF1-4F3E-B457-F4278F687821}.Release|Any CPU.Build.0 = Release|Any CPU
	EndGlobalSection
	GlobalSection(SolutionProperties) = preSolution
		HideSolutionNode = FALSE
	EndGlobalSection
	GlobalSection(ExtensibilityGlobals) = postSolution
		SolutionGuid = {0EB676A7-8BEE-40B6-9B23-9C6904D5074B}
	EndGlobalSection
EndGlobal
